// !$*UTF8*$!
{
	archiveVersion = 1;
	classes = {
	};
	objectVersion = 55;
	objects = {

/* Begin PBXBuildFile section */
		849F258A27F398D200A961C2 /* AppDelegate.swift in Sources */ = {isa = PBXBuildFile; fileRef = 849F258927F398D200A961C2 /* AppDelegate.swift */; };
		849F258C27F398D200A961C2 /* SceneDelegate.swift in Sources */ = {isa = PBXBuildFile; fileRef = 849F258B27F398D200A961C2 /* SceneDelegate.swift */; };
		849F258E27F398D200A961C2 /* ViewController.swift in Sources */ = {isa = PBXBuildFile; fileRef = 849F258D27F398D200A961C2 /* ViewController.swift */; };
		849F259127F398D200A961C2 /* Main.storyboard in Resources */ = {isa = PBXBuildFile; fileRef = 849F258F27F398D200A961C2 /* Main.storyboard */; };
		849F259327F398D300A961C2 /* Assets.xcassets in Resources */ = {isa = PBXBuildFile; fileRef = 849F259227F398D300A961C2 /* Assets.xcassets */; };
		849F259627F398D300A961C2 /* LaunchScreen.storyboard in Resources */ = {isa = PBXBuildFile; fileRef = 849F259427F398D300A961C2 /* LaunchScreen.storyboard */; };
		849F25A127F398D400A961C2 /* EssentialFeedTests.swift in Sources */ = {isa = PBXBuildFile; fileRef = 849F25A027F398D400A961C2 /* EssentialFeedTests.swift */; };
		849F25AB27F398D400A961C2 /* EssentialFeedUITests.swift in Sources */ = {isa = PBXBuildFile; fileRef = 849F25AA27F398D400A961C2 /* EssentialFeedUITests.swift */; };
		849F25AD27F398D400A961C2 /* EssentialFeedUITestsLaunchTests.swift in Sources */ = {isa = PBXBuildFile; fileRef = 849F25AC27F398D400A961C2 /* EssentialFeedUITestsLaunchTests.swift */; };
		849F25C027F399E800A961C2 /* EssentialFeedTesting.swift in Sources */ = {isa = PBXBuildFile; fileRef = 849F25BF27F399E800A961C2 /* EssentialFeedTesting.swift */; };
		849F25C527F39B1F00A961C2 /* FeedItem.swift in Sources */ = {isa = PBXBuildFile; fileRef = 849F25C427F39B1F00A961C2 /* FeedItem.swift */; };
		849F25C727F39BAF00A961C2 /* FeedLoader.swift in Sources */ = {isa = PBXBuildFile; fileRef = 849F25C627F39BAF00A961C2 /* FeedLoader.swift */; };
/* End PBXBuildFile section */

/* Begin PBXContainerItemProxy section */
		849F259D27F398D400A961C2 /* PBXContainerItemProxy */ = {
			isa = PBXContainerItemProxy;
			containerPortal = 849F257E27F398D200A961C2 /* Project object */;
			proxyType = 1;
			remoteGlobalIDString = 849F258527F398D200A961C2;
			remoteInfo = EssentialFeed;
		};
		849F25A727F398D400A961C2 /* PBXContainerItemProxy */ = {
			isa = PBXContainerItemProxy;
			containerPortal = 849F257E27F398D200A961C2 /* Project object */;
			proxyType = 1;
			remoteGlobalIDString = 849F258527F398D200A961C2;
			remoteInfo = EssentialFeed;
		};
/* End PBXContainerItemProxy section */

/* Begin PBXFileReference section */
		849F258627F398D200A961C2 /* EssentialFeed.app */ = {isa = PBXFileReference; explicitFileType = wrapper.application; includeInIndex = 0; path = EssentialFeed.app; sourceTree = BUILT_PRODUCTS_DIR; };
		849F258927F398D200A961C2 /* AppDelegate.swift */ = {isa = PBXFileReference; lastKnownFileType = sourcecode.swift; path = AppDelegate.swift; sourceTree = "<group>"; };
		849F258B27F398D200A961C2 /* SceneDelegate.swift */ = {isa = PBXFileReference; lastKnownFileType = sourcecode.swift; path = SceneDelegate.swift; sourceTree = "<group>"; };
		849F258D27F398D200A961C2 /* ViewController.swift */ = {isa = PBXFileReference; lastKnownFileType = sourcecode.swift; path = ViewController.swift; sourceTree = "<group>"; };
		849F259027F398D200A961C2 /* Base */ = {isa = PBXFileReference; lastKnownFileType = file.storyboard; name = Base; path = Base.lproj/Main.storyboard; sourceTree = "<group>"; };
		849F259227F398D300A961C2 /* Assets.xcassets */ = {isa = PBXFileReference; lastKnownFileType = folder.assetcatalog; path = Assets.xcassets; sourceTree = "<group>"; };
		849F259527F398D300A961C2 /* Base */ = {isa = PBXFileReference; lastKnownFileType = file.storyboard; name = Base; path = Base.lproj/LaunchScreen.storyboard; sourceTree = "<group>"; };
		849F259727F398D300A961C2 /* Info.plist */ = {isa = PBXFileReference; lastKnownFileType = text.plist.xml; path = Info.plist; sourceTree = "<group>"; };
		849F259C27F398D400A961C2 /* EssentialFeedTests.xctest */ = {isa = PBXFileReference; explicitFileType = wrapper.cfbundle; includeInIndex = 0; path = EssentialFeedTests.xctest; sourceTree = BUILT_PRODUCTS_DIR; };
		849F25A027F398D400A961C2 /* EssentialFeedTests.swift */ = {isa = PBXFileReference; lastKnownFileType = sourcecode.swift; path = EssentialFeedTests.swift; sourceTree = "<group>"; };
		849F25A627F398D400A961C2 /* EssentialFeedUITests.xctest */ = {isa = PBXFileReference; explicitFileType = wrapper.cfbundle; includeInIndex = 0; path = EssentialFeedUITests.xctest; sourceTree = BUILT_PRODUCTS_DIR; };
		849F25AA27F398D400A961C2 /* EssentialFeedUITests.swift */ = {isa = PBXFileReference; lastKnownFileType = sourcecode.swift; path = EssentialFeedUITests.swift; sourceTree = "<group>"; };
		849F25AC27F398D400A961C2 /* EssentialFeedUITestsLaunchTests.swift */ = {isa = PBXFileReference; lastKnownFileType = sourcecode.swift; path = EssentialFeedUITestsLaunchTests.swift; sourceTree = "<group>"; };
		849F25BD27F399E800A961C2 /* EssentialFeedTesting.xctest */ = {isa = PBXFileReference; explicitFileType = wrapper.cfbundle; includeInIndex = 0; path = EssentialFeedTesting.xctest; sourceTree = BUILT_PRODUCTS_DIR; };
		849F25BF27F399E800A961C2 /* EssentialFeedTesting.swift */ = {isa = PBXFileReference; lastKnownFileType = sourcecode.swift; path = EssentialFeedTesting.swift; sourceTree = "<group>"; };
		849F25C427F39B1F00A961C2 /* FeedItem.swift */ = {isa = PBXFileReference; lastKnownFileType = sourcecode.swift; path = FeedItem.swift; sourceTree = "<group>"; };
		849F25C627F39BAF00A961C2 /* FeedLoader.swift */ = {isa = PBXFileReference; lastKnownFileType = sourcecode.swift; path = FeedLoader.swift; sourceTree = "<group>"; };
/* End PBXFileReference section */

/* Begin PBXFrameworksBuildPhase section */
		849F258327F398D200A961C2 /* Frameworks */ = {
			isa = PBXFrameworksBuildPhase;
			buildActionMask = 2147483647;
			files = (
			);
			runOnlyForDeploymentPostprocessing = 0;
		};
		849F259927F398D400A961C2 /* Frameworks */ = {
			isa = PBXFrameworksBuildPhase;
			buildActionMask = 2147483647;
			files = (
			);
			runOnlyForDeploymentPostprocessing = 0;
		};
		849F25A327F398D400A961C2 /* Frameworks */ = {
			isa = PBXFrameworksBuildPhase;
			buildActionMask = 2147483647;
			files = (
			);
			runOnlyForDeploymentPostprocessing = 0;
		};
		849F25BA27F399E800A961C2 /* Frameworks */ = {
			isa = PBXFrameworksBuildPhase;
			buildActionMask = 2147483647;
			files = (
			);
			runOnlyForDeploymentPostprocessing = 0;
		};
/* End PBXFrameworksBuildPhase section */

/* Begin PBXGroup section */
		849F257D27F398D200A961C2 = {
			isa = PBXGroup;
			children = (
				849F258827F398D200A961C2 /* EssentialFeed */,
				849F259F27F398D400A961C2 /* EssentialFeedTests */,
				849F25A927F398D400A961C2 /* EssentialFeedUITests */,
				849F25BE27F399E800A961C2 /* EssentialFeedTesting */,
				849F258727F398D200A961C2 /* Products */,
			);
			sourceTree = "<group>";
		};
		849F258727F398D200A961C2 /* Products */ = {
			isa = PBXGroup;
			children = (
				849F258627F398D200A961C2 /* EssentialFeed.app */,
				849F259C27F398D400A961C2 /* EssentialFeedTests.xctest */,
				849F25A627F398D400A961C2 /* EssentialFeedUITests.xctest */,
				849F25BD27F399E800A961C2 /* EssentialFeedTesting.xctest */,
			);
			name = Products;
			sourceTree = "<group>";
		};
		849F258827F398D200A961C2 /* EssentialFeed */ = {
			isa = PBXGroup;
			children = (
				849F258927F398D200A961C2 /* AppDelegate.swift */,
				849F258B27F398D200A961C2 /* SceneDelegate.swift */,
				849F258D27F398D200A961C2 /* ViewController.swift */,
				849F25C827F39CB700A961C2 /* Feed Feature */,
				849F258F27F398D200A961C2 /* Main.storyboard */,
				849F259227F398D300A961C2 /* Assets.xcassets */,
				849F259427F398D300A961C2 /* LaunchScreen.storyboard */,
				849F259727F398D300A961C2 /* Info.plist */,
			);
			path = EssentialFeed;
			sourceTree = "<group>";
		};
		849F259F27F398D400A961C2 /* EssentialFeedTests */ = {
			isa = PBXGroup;
			children = (
				849F25A027F398D400A961C2 /* EssentialFeedTests.swift */,
			);
			path = EssentialFeedTests;
			sourceTree = "<group>";
		};
		849F25A927F398D400A961C2 /* EssentialFeedUITests */ = {
			isa = PBXGroup;
			children = (
				849F25AA27F398D400A961C2 /* EssentialFeedUITests.swift */,
				849F25AC27F398D400A961C2 /* EssentialFeedUITestsLaunchTests.swift */,
			);
			path = EssentialFeedUITests;
			sourceTree = "<group>";
		};
		849F25BE27F399E800A961C2 /* EssentialFeedTesting */ = {
			isa = PBXGroup;
			children = (
				849F25BF27F399E800A961C2 /* EssentialFeedTesting.swift */,
			);
			path = EssentialFeedTesting;
			sourceTree = "<group>";
		};
		849F25C827F39CB700A961C2 /* Feed Feature */ = {
			isa = PBXGroup;
			children = (
				849F25C427F39B1F00A961C2 /* FeedItem.swift */,
				849F25C627F39BAF00A961C2 /* FeedLoader.swift */,
			);
			path = "Feed Feature";
			sourceTree = "<group>";
		};
/* End PBXGroup section */

/* Begin PBXNativeTarget section */
		849F258527F398D200A961C2 /* EssentialFeed */ = {
			isa = PBXNativeTarget;
			buildConfigurationList = 849F25B027F398D400A961C2 /* Build configuration list for PBXNativeTarget "EssentialFeed" */;
			buildPhases = (
				849F258227F398D200A961C2 /* Sources */,
				849F258327F398D200A961C2 /* Frameworks */,
				849F258427F398D200A961C2 /* Resources */,
			);
			buildRules = (
			);
			dependencies = (
			);
			name = EssentialFeed;
			productName = EssentialFeed;
			productReference = 849F258627F398D200A961C2 /* EssentialFeed.app */;
			productType = "com.apple.product-type.application";
		};
		849F259B27F398D400A961C2 /* EssentialFeedTests */ = {
			isa = PBXNativeTarget;
			buildConfigurationList = 849F25B327F398D400A961C2 /* Build configuration list for PBXNativeTarget "EssentialFeedTests" */;
			buildPhases = (
				849F259827F398D400A961C2 /* Sources */,
				849F259927F398D400A961C2 /* Frameworks */,
				849F259A27F398D400A961C2 /* Resources */,
			);
			buildRules = (
			);
			dependencies = (
				849F259E27F398D400A961C2 /* PBXTargetDependency */,
			);
			name = EssentialFeedTests;
			productName = EssentialFeedTests;
			productReference = 849F259C27F398D400A961C2 /* EssentialFeedTests.xctest */;
			productType = "com.apple.product-type.bundle.unit-test";
		};
		849F25A527F398D400A961C2 /* EssentialFeedUITests */ = {
			isa = PBXNativeTarget;
			buildConfigurationList = 849F25B627F398D400A961C2 /* Build configuration list for PBXNativeTarget "EssentialFeedUITests" */;
			buildPhases = (
				849F25A227F398D400A961C2 /* Sources */,
				849F25A327F398D400A961C2 /* Frameworks */,
				849F25A427F398D400A961C2 /* Resources */,
			);
			buildRules = (
			);
			dependencies = (
				849F25A827F398D400A961C2 /* PBXTargetDependency */,
			);
			name = EssentialFeedUITests;
			productName = EssentialFeedUITests;
			productReference = 849F25A627F398D400A961C2 /* EssentialFeedUITests.xctest */;
			productType = "com.apple.product-type.bundle.ui-testing";
		};
		849F25BC27F399E800A961C2 /* EssentialFeedTesting */ = {
			isa = PBXNativeTarget;
			buildConfigurationList = 849F25C127F399E800A961C2 /* Build configuration list for PBXNativeTarget "EssentialFeedTesting" */;
			buildPhases = (
				849F25B927F399E800A961C2 /* Sources */,
				849F25BA27F399E800A961C2 /* Frameworks */,
				849F25BB27F399E800A961C2 /* Resources */,
			);
			buildRules = (
			);
			dependencies = (
			);
			name = EssentialFeedTesting;
			productName = EssentialFeedTesting;
			productReference = 849F25BD27F399E800A961C2 /* EssentialFeedTesting.xctest */;
			productType = "com.apple.product-type.bundle.unit-test";
		};
/* End PBXNativeTarget section */

/* Begin PBXProject section */
		849F257E27F398D200A961C2 /* Project object */ = {
			isa = PBXProject;
			attributes = {
				BuildIndependentTargetsInParallel = 1;
				LastSwiftUpdateCheck = 1330;
				LastUpgradeCheck = 1330;
				TargetAttributes = {
					849F258527F398D200A961C2 = {
						CreatedOnToolsVersion = 13.3;
					};
					849F259B27F398D400A961C2 = {
						CreatedOnToolsVersion = 13.3;
						TestTargetID = 849F258527F398D200A961C2;
					};
					849F25A527F398D400A961C2 = {
						CreatedOnToolsVersion = 13.3;
						TestTargetID = 849F258527F398D200A961C2;
					};
					849F25BC27F399E800A961C2 = {
						CreatedOnToolsVersion = 13.3;
					};
				};
			};
			buildConfigurationList = 849F258127F398D200A961C2 /* Build configuration list for PBXProject "EssentialFeed" */;
			compatibilityVersion = "Xcode 13.0";
			developmentRegion = en;
			hasScannedForEncodings = 0;
			knownRegions = (
				en,
				Base,
			);
			mainGroup = 849F257D27F398D200A961C2;
			productRefGroup = 849F258727F398D200A961C2 /* Products */;
			projectDirPath = "";
			projectRoot = "";
			targets = (
				849F258527F398D200A961C2 /* EssentialFeed */,
				849F259B27F398D400A961C2 /* EssentialFeedTests */,
				849F25A527F398D400A961C2 /* EssentialFeedUITests */,
				849F25BC27F399E800A961C2 /* EssentialFeedTesting */,
			);
		};
/* End PBXProject section */

/* Begin PBXResourcesBuildPhase section */
		849F258427F398D200A961C2 /* Resources */ = {
			isa = PBXResourcesBuildPhase;
			buildActionMask = 2147483647;
			files = (
				849F259627F398D300A961C2 /* LaunchScreen.storyboard in Resources */,
				849F259327F398D300A961C2 /* Assets.xcassets in Resources */,
				849F259127F398D200A961C2 /* Main.storyboard in Resources */,
			);
			runOnlyForDeploymentPostprocessing = 0;
		};
		849F259A27F398D400A961C2 /* Resources */ = {
			isa = PBXResourcesBuildPhase;
			buildActionMask = 2147483647;
			files = (
			);
			runOnlyForDeploymentPostprocessing = 0;
		};
		849F25A427F398D400A961C2 /* Resources */ = {
			isa = PBXResourcesBuildPhase;
			buildActionMask = 2147483647;
			files = (
			);
			runOnlyForDeploymentPostprocessing = 0;
		};
		849F25BB27F399E800A961C2 /* Resources */ = {
			isa = PBXResourcesBuildPhase;
			buildActionMask = 2147483647;
			files = (
			);
			runOnlyForDeploymentPostprocessing = 0;
		};
/* End PBXResourcesBuildPhase section */

/* Begin PBXSourcesBuildPhase section */
		849F258227F398D200A961C2 /* Sources */ = {
			isa = PBXSourcesBuildPhase;
			buildActionMask = 2147483647;
			files = (
				849F25C527F39B1F00A961C2 /* FeedItem.swift in Sources */,
				849F258E27F398D200A961C2 /* ViewController.swift in Sources */,
				849F258A27F398D200A961C2 /* AppDelegate.swift in Sources */,
				849F25C727F39BAF00A961C2 /* FeedLoader.swift in Sources */,
				849F258C27F398D200A961C2 /* SceneDelegate.swift in Sources */,
			);
			runOnlyForDeploymentPostprocessing = 0;
		};
		849F259827F398D400A961C2 /* Sources */ = {
			isa = PBXSourcesBuildPhase;
			buildActionMask = 2147483647;
			files = (
				849F25A127F398D400A961C2 /* EssentialFeedTests.swift in Sources */,
			);
			runOnlyForDeploymentPostprocessing = 0;
		};
		849F25A227F398D400A961C2 /* Sources */ = {
			isa = PBXSourcesBuildPhase;
			buildActionMask = 2147483647;
			files = (
				849F25AB27F398D400A961C2 /* EssentialFeedUITests.swift in Sources */,
				849F25AD27F398D400A961C2 /* EssentialFeedUITestsLaunchTests.swift in Sources */,
			);
			runOnlyForDeploymentPostprocessing = 0;
		};
		849F25B927F399E800A961C2 /* Sources */ = {
			isa = PBXSourcesBuildPhase;
			buildActionMask = 2147483647;
			files = (
				849F25C027F399E800A961C2 /* EssentialFeedTesting.swift in Sources */,
			);
			runOnlyForDeploymentPostprocessing = 0;
		};
/* End PBXSourcesBuildPhase section */

/* Begin PBXTargetDependency section */
		849F259E27F398D400A961C2 /* PBXTargetDependency */ = {
			isa = PBXTargetDependency;
			target = 849F258527F398D200A961C2 /* EssentialFeed */;
			targetProxy = 849F259D27F398D400A961C2 /* PBXContainerItemProxy */;
		};
		849F25A827F398D400A961C2 /* PBXTargetDependency */ = {
			isa = PBXTargetDependency;
			target = 849F258527F398D200A961C2 /* EssentialFeed */;
			targetProxy = 849F25A727F398D400A961C2 /* PBXContainerItemProxy */;
		};
/* End PBXTargetDependency section */

/* Begin PBXVariantGroup section */
		849F258F27F398D200A961C2 /* Main.storyboard */ = {
			isa = PBXVariantGroup;
			children = (
				849F259027F398D200A961C2 /* Base */,
			);
			name = Main.storyboard;
			sourceTree = "<group>";
		};
		849F259427F398D300A961C2 /* LaunchScreen.storyboard */ = {
			isa = PBXVariantGroup;
			children = (
				849F259527F398D300A961C2 /* Base */,
			);
			name = LaunchScreen.storyboard;
			sourceTree = "<group>";
		};
/* End PBXVariantGroup section */

/* Begin XCBuildConfiguration section */
		849F25AE27F398D400A961C2 /* Debug */ = {
			isa = XCBuildConfiguration;
			buildSettings = {
				ALWAYS_SEARCH_USER_PATHS = NO;
				CLANG_ANALYZER_NONNULL = YES;
				CLANG_ANALYZER_NUMBER_OBJECT_CONVERSION = YES_AGGRESSIVE;
				CLANG_CXX_LANGUAGE_STANDARD = "gnu++17";
				CLANG_ENABLE_MODULES = YES;
				CLANG_ENABLE_OBJC_ARC = YES;
				CLANG_ENABLE_OBJC_WEAK = YES;
				CLANG_WARN_BLOCK_CAPTURE_AUTORELEASING = YES;
				CLANG_WARN_BOOL_CONVERSION = YES;
				CLANG_WARN_COMMA = YES;
				CLANG_WARN_CONSTANT_CONVERSION = YES;
				CLANG_WARN_DEPRECATED_OBJC_IMPLEMENTATIONS = YES;
				CLANG_WARN_DIRECT_OBJC_ISA_USAGE = YES_ERROR;
				CLANG_WARN_DOCUMENTATION_COMMENTS = YES;
				CLANG_WARN_EMPTY_BODY = YES;
				CLANG_WARN_ENUM_CONVERSION = YES;
				CLANG_WARN_INFINITE_RECURSION = YES;
				CLANG_WARN_INT_CONVERSION = YES;
				CLANG_WARN_NON_LITERAL_NULL_CONVERSION = YES;
				CLANG_WARN_OBJC_IMPLICIT_RETAIN_SELF = YES;
				CLANG_WARN_OBJC_LITERAL_CONVERSION = YES;
				CLANG_WARN_OBJC_ROOT_CLASS = YES_ERROR;
				CLANG_WARN_QUOTED_INCLUDE_IN_FRAMEWORK_HEADER = YES;
				CLANG_WARN_RANGE_LOOP_ANALYSIS = YES;
				CLANG_WARN_STRICT_PROTOTYPES = YES;
				CLANG_WARN_SUSPICIOUS_MOVE = YES;
				CLANG_WARN_UNGUARDED_AVAILABILITY = YES_AGGRESSIVE;
				CLANG_WARN_UNREACHABLE_CODE = YES;
				CLANG_WARN__DUPLICATE_METHOD_MATCH = YES;
				COPY_PHASE_STRIP = NO;
				DEBUG_INFORMATION_FORMAT = dwarf;
				ENABLE_STRICT_OBJC_MSGSEND = YES;
				ENABLE_TESTABILITY = YES;
				GCC_C_LANGUAGE_STANDARD = gnu11;
				GCC_DYNAMIC_NO_PIC = NO;
				GCC_NO_COMMON_BLOCKS = YES;
				GCC_OPTIMIZATION_LEVEL = 0;
				GCC_PREPROCESSOR_DEFINITIONS = (
					"DEBUG=1",
					"$(inherited)",
				);
				GCC_WARN_64_TO_32_BIT_CONVERSION = YES;
				GCC_WARN_ABOUT_RETURN_TYPE = YES_ERROR;
				GCC_WARN_UNDECLARED_SELECTOR = YES;
				GCC_WARN_UNINITIALIZED_AUTOS = YES_AGGRESSIVE;
				GCC_WARN_UNUSED_FUNCTION = YES;
				GCC_WARN_UNUSED_VARIABLE = YES;
				IPHONEOS_DEPLOYMENT_TARGET = 15.4;
				MTL_ENABLE_DEBUG_INFO = INCLUDE_SOURCE;
				MTL_FAST_MATH = YES;
				ONLY_ACTIVE_ARCH = YES;
				SDKROOT = iphoneos;
				SWIFT_ACTIVE_COMPILATION_CONDITIONS = DEBUG;
				SWIFT_OPTIMIZATION_LEVEL = "-Onone";
			};
			name = Debug;
		};
		849F25AF27F398D400A961C2 /* Release */ = {
			isa = XCBuildConfiguration;
			buildSettings = {
				ALWAYS_SEARCH_USER_PATHS = NO;
				CLANG_ANALYZER_NONNULL = YES;
				CLANG_ANALYZER_NUMBER_OBJECT_CONVERSION = YES_AGGRESSIVE;
				CLANG_CXX_LANGUAGE_STANDARD = "gnu++17";
				CLANG_ENABLE_MODULES = YES;
				CLANG_ENABLE_OBJC_ARC = YES;
				CLANG_ENABLE_OBJC_WEAK = YES;
				CLANG_WARN_BLOCK_CAPTURE_AUTORELEASING = YES;
				CLANG_WARN_BOOL_CONVERSION = YES;
				CLANG_WARN_COMMA = YES;
				CLANG_WARN_CONSTANT_CONVERSION = YES;
				CLANG_WARN_DEPRECATED_OBJC_IMPLEMENTATIONS = YES;
				CLANG_WARN_DIRECT_OBJC_ISA_USAGE = YES_ERROR;
				CLANG_WARN_DOCUMENTATION_COMMENTS = YES;
				CLANG_WARN_EMPTY_BODY = YES;
				CLANG_WARN_ENUM_CONVERSION = YES;
				CLANG_WARN_INFINITE_RECURSION = YES;
				CLANG_WARN_INT_CONVERSION = YES;
				CLANG_WARN_NON_LITERAL_NULL_CONVERSION = YES;
				CLANG_WARN_OBJC_IMPLICIT_RETAIN_SELF = YES;
				CLANG_WARN_OBJC_LITERAL_CONVERSION = YES;
				CLANG_WARN_OBJC_ROOT_CLASS = YES_ERROR;
				CLANG_WARN_QUOTED_INCLUDE_IN_FRAMEWORK_HEADER = YES;
				CLANG_WARN_RANGE_LOOP_ANALYSIS = YES;
				CLANG_WARN_STRICT_PROTOTYPES = YES;
				CLANG_WARN_SUSPICIOUS_MOVE = YES;
				CLANG_WARN_UNGUARDED_AVAILABILITY = YES_AGGRESSIVE;
				CLANG_WARN_UNREACHABLE_CODE = YES;
				CLANG_WARN__DUPLICATE_METHOD_MATCH = YES;
				COPY_PHASE_STRIP = NO;
				DEBUG_INFORMATION_FORMAT = "dwarf-with-dsym";
				ENABLE_NS_ASSERTIONS = NO;
				ENABLE_STRICT_OBJC_MSGSEND = YES;
				GCC_C_LANGUAGE_STANDARD = gnu11;
				GCC_NO_COMMON_BLOCKS = YES;
				GCC_WARN_64_TO_32_BIT_CONVERSION = YES;
				GCC_WARN_ABOUT_RETURN_TYPE = YES_ERROR;
				GCC_WARN_UNDECLARED_SELECTOR = YES;
				GCC_WARN_UNINITIALIZED_AUTOS = YES_AGGRESSIVE;
				GCC_WARN_UNUSED_FUNCTION = YES;
				GCC_WARN_UNUSED_VARIABLE = YES;
				IPHONEOS_DEPLOYMENT_TARGET = 15.4;
				MTL_ENABLE_DEBUG_INFO = NO;
				MTL_FAST_MATH = YES;
				SDKROOT = iphoneos;
				SWIFT_COMPILATION_MODE = wholemodule;
				SWIFT_OPTIMIZATION_LEVEL = "-O";
				VALIDATE_PRODUCT = YES;
			};
			name = Release;
		};
		849F25B127F398D400A961C2 /* Debug */ = {
			isa = XCBuildConfiguration;
			buildSettings = {
				ASSETCATALOG_COMPILER_APPICON_NAME = AppIcon;
				ASSETCATALOG_COMPILER_GLOBAL_ACCENT_COLOR_NAME = AccentColor;
				CODE_SIGN_STYLE = Automatic;
				CURRENT_PROJECT_VERSION = 1;
				DEVELOPMENT_TEAM = 22U4CL887R;
				GENERATE_INFOPLIST_FILE = YES;
				INFOPLIST_FILE = EssentialFeed/Info.plist;
				INFOPLIST_KEY_UIApplicationSupportsIndirectInputEvents = YES;
				INFOPLIST_KEY_UILaunchStoryboardName = LaunchScreen;
				INFOPLIST_KEY_UIMainStoryboardFile = Main;
				INFOPLIST_KEY_UISupportedInterfaceOrientations_iPad = "UIInterfaceOrientationPortrait UIInterfaceOrientationPortraitUpsideDown UIInterfaceOrientationLandscapeLeft UIInterfaceOrientationLandscapeRight";
				INFOPLIST_KEY_UISupportedInterfaceOrientations_iPhone = "UIInterfaceOrientationPortrait UIInterfaceOrientationLandscapeLeft UIInterfaceOrientationLandscapeRight";
				LD_RUNPATH_SEARCH_PATHS = (
					"$(inherited)",
					"@executable_path/Frameworks",
				);
				MARKETING_VERSION = 1.0;
				PRODUCT_BUNDLE_IDENTIFIER = org.swiftsense.EssentialFeed;
				PRODUCT_NAME = "$(TARGET_NAME)";
				SWIFT_EMIT_LOC_STRINGS = YES;
				SWIFT_VERSION = 5.0;
				TARGETED_DEVICE_FAMILY = "1,2";
			};
			name = Debug;
		};
		849F25B227F398D400A961C2 /* Release */ = {
			isa = XCBuildConfiguration;
			buildSettings = {
				ASSETCATALOG_COMPILER_APPICON_NAME = AppIcon;
				ASSETCATALOG_COMPILER_GLOBAL_ACCENT_COLOR_NAME = AccentColor;
				CODE_SIGN_STYLE = Automatic;
				CURRENT_PROJECT_VERSION = 1;
				DEVELOPMENT_TEAM = 22U4CL887R;
				GENERATE_INFOPLIST_FILE = YES;
				INFOPLIST_FILE = EssentialFeed/Info.plist;
				INFOPLIST_KEY_UIApplicationSupportsIndirectInputEvents = YES;
				INFOPLIST_KEY_UILaunchStoryboardName = LaunchScreen;
				INFOPLIST_KEY_UIMainStoryboardFile = Main;
				INFOPLIST_KEY_UISupportedInterfaceOrientations_iPad = "UIInterfaceOrientationPortrait UIInterfaceOrientationPortraitUpsideDown UIInterfaceOrientationLandscapeLeft UIInterfaceOrientationLandscapeRight";
				INFOPLIST_KEY_UISupportedInterfaceOrientations_iPhone = "UIInterfaceOrientationPortrait UIInterfaceOrientationLandscapeLeft UIInterfaceOrientationLandscapeRight";
				LD_RUNPATH_SEARCH_PATHS = (
					"$(inherited)",
					"@executable_path/Frameworks",
				);
				MARKETING_VERSION = 1.0;
				PRODUCT_BUNDLE_IDENTIFIER = org.swiftsense.EssentialFeed;
				PRODUCT_NAME = "$(TARGET_NAME)";
				SWIFT_EMIT_LOC_STRINGS = YES;
				SWIFT_VERSION = 5.0;
				TARGETED_DEVICE_FAMILY = "1,2";
			};
			name = Release;
		};
		849F25B427F398D400A961C2 /* Debug */ = {
			isa = XCBuildConfiguration;
			buildSettings = {
				ALWAYS_EMBED_SWIFT_STANDARD_LIBRARIES = YES;
				BUNDLE_LOADER = "$(TEST_HOST)";
				CODE_SIGN_STYLE = Automatic;
				CURRENT_PROJECT_VERSION = 1;
				DEVELOPMENT_TEAM = 22U4CL887R;
				GENERATE_INFOPLIST_FILE = YES;
				IPHONEOS_DEPLOYMENT_TARGET = 15.4;
				MARKETING_VERSION = 1.0;
				PRODUCT_BUNDLE_IDENTIFIER = org.swiftsense.EssentialFeedTests;
				PRODUCT_NAME = "$(TARGET_NAME)";
				SWIFT_EMIT_LOC_STRINGS = NO;
				SWIFT_VERSION = 5.0;
				TARGETED_DEVICE_FAMILY = "1,2";
				TEST_HOST = "$(BUILT_PRODUCTS_DIR)/EssentialFeed.app/EssentialFeed";
			};
			name = Debug;
		};
		849F25B527F398D400A961C2 /* Release */ = {
			isa = XCBuildConfiguration;
			buildSettings = {
				ALWAYS_EMBED_SWIFT_STANDARD_LIBRARIES = YES;
				BUNDLE_LOADER = "$(TEST_HOST)";
				CODE_SIGN_STYLE = Automatic;
				CURRENT_PROJECT_VERSION = 1;
				DEVELOPMENT_TEAM = 22U4CL887R;
				GENERATE_INFOPLIST_FILE = YES;
				IPHONEOS_DEPLOYMENT_TARGET = 15.4;
				MARKETING_VERSION = 1.0;
				PRODUCT_BUNDLE_IDENTIFIER = org.swiftsense.EssentialFeedTests;
				PRODUCT_NAME = "$(TARGET_NAME)";
				SWIFT_EMIT_LOC_STRINGS = NO;
				SWIFT_VERSION = 5.0;
				TARGETED_DEVICE_FAMILY = "1,2";
				TEST_HOST = "$(BUILT_PRODUCTS_DIR)/EssentialFeed.app/EssentialFeed";
			};
			name = Release;
		};
		849F25B727F398D400A961C2 /* Debug */ = {
			isa = XCBuildConfiguration;
			buildSettings = {
				ALWAYS_EMBED_SWIFT_STANDARD_LIBRARIES = YES;
				CODE_SIGN_STYLE = Automatic;
				CURRENT_PROJECT_VERSION = 1;
				DEVELOPMENT_TEAM = 22U4CL887R;
				GENERATE_INFOPLIST_FILE = YES;
				MARKETING_VERSION = 1.0;
				PRODUCT_BUNDLE_IDENTIFIER = org.swiftsense.EssentialFeedUITests;
				PRODUCT_NAME = "$(TARGET_NAME)";
				SWIFT_EMIT_LOC_STRINGS = NO;
				SWIFT_VERSION = 5.0;
				TARGETED_DEVICE_FAMILY = "1,2";
				TEST_TARGET_NAME = EssentialFeed;
			};
			name = Debug;
		};
		849F25B827F398D400A961C2 /* Release */ = {
			isa = XCBuildConfiguration;
			buildSettings = {
				ALWAYS_EMBED_SWIFT_STANDARD_LIBRARIES = YES;
				CODE_SIGN_STYLE = Automatic;
				CURRENT_PROJECT_VERSION = 1;
				DEVELOPMENT_TEAM = 22U4CL887R;
				GENERATE_INFOPLIST_FILE = YES;
				MARKETING_VERSION = 1.0;
				PRODUCT_BUNDLE_IDENTIFIER = org.swiftsense.EssentialFeedUITests;
				PRODUCT_NAME = "$(TARGET_NAME)";
				SWIFT_EMIT_LOC_STRINGS = NO;
				SWIFT_VERSION = 5.0;
				TARGETED_DEVICE_FAMILY = "1,2";
				TEST_TARGET_NAME = EssentialFeed;
			};
			name = Release;
		};
		849F25C227F399E800A961C2 /* Debug */ = {
			isa = XCBuildConfiguration;
			buildSettings = {
				CODE_SIGN_STYLE = Automatic;
				CURRENT_PROJECT_VERSION = 1;
				DEVELOPMENT_TEAM = 22U4CL887R;
				GENERATE_INFOPLIST_FILE = YES;
				MACOSX_DEPLOYMENT_TARGET = 12.3;
				MARKETING_VERSION = 1.0;
				PRODUCT_BUNDLE_IDENTIFIER = org.swiftsense.EssentialFeedTesting;
				PRODUCT_NAME = "$(TARGET_NAME)";
				SDKROOT = macosx;
				SWIFT_EMIT_LOC_STRINGS = NO;
				SWIFT_VERSION = 5.0;
			};
			name = Debug;
		};
		849F25C327F399E800A961C2 /* Release */ = {
			isa = XCBuildConfiguration;
			buildSettings = {
				CODE_SIGN_STYLE = Automatic;
				CURRENT_PROJECT_VERSION = 1;
				DEVELOPMENT_TEAM = 22U4CL887R;
				GENERATE_INFOPLIST_FILE = YES;
				MACOSX_DEPLOYMENT_TARGET = 12.3;
				MARKETING_VERSION = 1.0;
				PRODUCT_BUNDLE_IDENTIFIER = org.swiftsense.EssentialFeedTesting;
				PRODUCT_NAME = "$(TARGET_NAME)";
				SDKROOT = macosx;
				SWIFT_EMIT_LOC_STRINGS = NO;
				SWIFT_VERSION = 5.0;
			};
			name = Release;
		};
/* End XCBuildConfiguration section */

/* Begin XCConfigurationList section */
		849F258127F398D200A961C2 /* Build configuration list for PBXProject "EssentialFeed" */ = {
			isa = XCConfigurationList;
			buildConfigurations = (
				849F25AE27F398D400A961C2 /* Debug */,
				849F25AF27F398D400A961C2 /* Release */,
			);
			defaultConfigurationIsVisible = 0;
			defaultConfigurationName = Release;
		};
		849F25B027F398D400A961C2 /* Build configuration list for PBXNativeTarget "EssentialFeed" */ = {
			isa = XCConfigurationList;
			buildConfigurations = (
				849F25B127F398D400A961C2 /* Debug */,
				849F25B227F398D400A961C2 /* Release */,
			);
			defaultConfigurationIsVisible = 0;
			defaultConfigurationName = Release;
		};
		849F25B327F398D400A961C2 /* Build configuration list for PBXNativeTarget "EssentialFeedTests" */ = {
			isa = XCConfigurationList;
			buildConfigurations = (
				849F25B427F398D400A961C2 /* Debug */,
				849F25B527F398D400A961C2 /* Release */,
			);
			defaultConfigurationIsVisible = 0;
			defaultConfigurationName = Release;
		};
		849F25B627F398D400A961C2 /* Build configuration list for PBXNativeTarget "EssentialFeedUITests" */ = {
			isa = XCConfigurationList;
			buildConfigurations = (
				849F25B727F398D400A961C2 /* Debug */,
				849F25B827F398D400A961C2 /* Release */,
			);
			defaultConfigurationIsVisible = 0;
			defaultConfigurationName = Release;
		};
		849F25C127F399E800A961C2 /* Build configuration list for PBXNativeTarget "EssentialFeedTesting" */ = {
			isa = XCConfigurationList;
			buildConfigurations = (
				849F25C227F399E800A961C2 /* Debug */,
				849F25C327F399E800A961C2 /* Release */,
			);
			defaultConfigurationIsVisible = 0;
			defaultConfigurationName = Release;
		};
/* End XCConfigurationList section */
	};
	rootObject = 849F257E27F398D200A961C2 /* Project object */;
}
